
Microsoft Visual Studio Solution File, Format Version 12.00
# Visual Studio Version 16
VisualStudioVersion = 16.0.32106.194
MinimumVisualStudioVersion = 10.0.40219.1
Project("{FAE04EC0-301F-11D3-BF4B-00C04F79EFBC}") = "Hire Me", "Hire Me.csproj", "{344F3744-9025-48AD-93A1-C3B4CA993519}"
EndProject
Global
	GlobalSection(SolutionConfigurationPlatforms) = preSolution
		Debug|Any CPU = Debug|Any CPU
		Release|Any CPU = Release|Any CPU
	EndGlobalSection
	GlobalSection(ProjectConfigurationPlatforms) = postSolution
		{344F3744-9025-48AD-93A1-C3B4CA993519}.Debug|Any CPU.ActiveCfg = Debug|Any CPU
		{344F3744-9025-48AD-93A1-C3B4CA993519}.Debug|Any CPU.Build.0 = Debug|Any CPU
		{344F3744-9025-48AD-93A1-C3B4CA993519}.Release|Any CPU.ActiveCfg = Release|Any CPU
		{344F3744-9025-48AD-93A1-C3B4CA993519}.Release|Any CPU.Build.0 = Release|Any CPU
	EndGlobalSection
	GlobalSection(SolutionProperties) = preSolution
		HideSolutionNode = FALSE
	EndGlobalSection
	GlobalSection(ExtensibilityGlobals) = postSolution
		SolutionGuid = {95C34619-4BDC-40FF-A0E4-B2478E8DE651}
	EndGlobalSection
EndGlobal
